
Microsoft Visual Studio Solution File, Format Version 11.00
# Visual Studio 2010
Project("{8BC9CEB8-8B4A-11D0-8D11-00A0C91BC942}") = "caldgemm", "caldgemm.vcxproj", "{EBE207DF-8E64-4006-8845-0CF8A254B46F}"
EndProject
Global
	GlobalSection(SolutionConfigurationPlatforms) = preSolution
		Debug|Win32 = Debug|Win32
		Release|Win32 = Release|Win32
	EndGlobalSection
	GlobalSection(ProjectConfigurationPlatforms) = postSolution
		{EBE207DF-8E64-4006-8845-0CF8A254B46F}.Debug|Win32.ActiveCfg = Debug|Win32
		{EBE207DF-8E64-4006-8845-0CF8A254B46F}.Debug|Win32.Build.0 = Debug|Win32
		{EBE207DF-8E64-4006-8845-0CF8A254B46F}.Release|Win32.ActiveCfg = Release|Win32
		{EBE207DF-8E64-4006-8845-0CF8A254B46F}.Release|Win32.Build.0 = Release|Win32
	EndGlobalSection
	GlobalSection(SolutionProperties) = preSolution
		HideSolutionNode = FALSE
	EndGlobalSection
EndGlobal
